lockfileVersion: '9.0'

settings:
  autoInstallPeers: true
  excludeLinksFromLockfile: false

importers:

  .:
    dependencies:
      '@hono/node-server':
        specifier: ^1.4.1
        version: 1.12.0
      dotenv:
        specifier: ^16.4.5
        version: 16.4.5
      hono:
        specifier: ^4.0.3
        version: 4.5.3
      zod:
        specifier: ^3.23.8
        version: 3.23.8
    devDependencies:
      '@types/node':
        specifier: ^20.11.24
        version: 20.14.13
      typescript:
        specifier: ^5.4.2
        version: 5.5.4

packages:

  '@hono/node-server@1.12.0':
    resolution: {integrity: sha512-e6oHjNiErRxsZRZBmc2KucuvY3btlO/XPncIpP2X75bRdTilF9GLjm3NHvKKunpJbbJJj31/FoPTksTf8djAVw==}
    engines: {node: '>=18.14.1'}

  '@types/node@20.14.13':
    resolution: {integrity: sha512-+bHoGiZb8UiQ0+WEtmph2IWQCjIqg8MDZMAV+ppRRhUZnquF5mQkP/9vpSwJClEiSM/C7fZZExPzfU0vJTyp8w==}

  dotenv@16.4.5:
    resolution: {integrity: sha512-ZmdL2rui+eB2YwhsWzjInR8LldtZHGDoQ1ugH85ppHKwpUHL7j7rN0Ti9NCnGiQbhaZ11FpR+7ao1dNsmduNUg==}
    engines: {node: '>=12'}

  hono@4.5.3:
    resolution: {integrity: sha512-r26WwwbKD3BAYdfB294knNnegNda7VfV1tVn66D9Kvl9WQTdrR+5eKdoeaQNHQcC3Gr0KBikzAtjd6VsRGVSaw==}
    engines: {node: '>=16.0.0'}

  typescript@5.5.4:
    resolution: {integrity: sha512-Mtq29sKDAEYP7aljRgtPOpTvOfbwRWlS6dPRzwjdE+C0R4brX/GUyhHSecbHMFLNBLcJIPt9nl9yG5TZ1weH+Q==}
    engines: {node: '>=14.17'}
    hasBin: true

  undici-types@5.26.5:
    resolution: {integrity: sha512-JlCMO+ehdEIKqlFxk6IfVoAUVmgz7cU7zD/h9XZ0qzeosSHmUJVOzSQvvYSYWXkFXC+IfLKSIffhv0sVZup6pA==}

  zod@3.23.8:
    resolution: {integrity: sha512-XBx9AXhXktjUqnepgTiE5flcKIYWi/rme0Eaj+5Y0lftuGBq+jyRu/md4WnuxqgP1ubdpNCsYEYPxrzVHD8d6g==}

snapshots:

  '@hono/node-server@1.12.0': {}

  '@types/node@20.14.13':
    dependencies:
      undici-types: 5.26.5

  dotenv@16.4.5: {}

  hono@4.5.3: {}

  typescript@5.5.4: {}

  undici-types@5.26.5: {}

  zod@3.23.8: {}
